
Microsoft Visual Studio Solution File, Format Version 12.00
# Visual Studio Version 17
VisualStudioVersion = 17.13.35825.156
MinimumVisualStudioVersion = 10.0.40219.1
Project("{FAE04EC0-301F-11D3-BF4B-00C04F79EFBC}") = "Exercicio-01", "Exercicio-01\Exercicio-01.csproj", "{56FC5FF1-A9CA-4286-AA71-23A383E047AD}"
EndProject
Project("{FAE04EC0-301F-11D3-BF4B-00C04F79EFBC}") = "Utils", "Utils\Utils.csproj", "{9ABCC10D-E7F3-4FD8-B838-EF30F9F3236D}"
EndProject
Project("{FAE04EC0-301F-11D3-BF4B-00C04F79EFBC}") = "Exercicio-02", "Exercicio-02\Exercicio-02.csproj", "{FDE43C60-9022-45E4-9457-3083C075597A}"
EndProject
Project("{FAE04EC0-301F-11D3-BF4B-00C04F79EFBC}") = "Exercicio-03", "Exercicio-03\Exercicio-03.csproj", "{12A462FF-B040-49DB-9059-DC61B9C04A4F}"
EndProject
Project("{FAE04EC0-301F-11D3-BF4B-00C04F79EFBC}") = "Exercicio-04", "Exercicio-04\Exercicio-04.csproj", "{896E99B3-F143-4DD3-81A2-D8816F753E3B}"
EndProject
Project("{FAE04EC0-301F-11D3-BF4B-00C04F79EFBC}") = "Exercicio-05", "Exercicio-05\Exercicio-05.csproj", "{CC716692-14CA-43F4-BDA5-5B5EB75C1F07}"
EndProject
Project("{FAE04EC0-301F-11D3-BF4B-00C04F79EFBC}") = "Exercicio-06", "Exercicio-06\Exercicio-06.csproj", "{30833BBE-50A0-4B45-9180-ABCB648C0C6D}"
EndProject
Global
	GlobalSection(SolutionConfigurationPlatforms) = preSolution
		Debug|Any CPU = Debug|Any CPU
		Release|Any CPU = Release|Any CPU
	EndGlobalSection
	GlobalSection(ProjectConfigurationPlatforms) = postSolution
		{56FC5FF1-A9CA-4286-AA71-23A383E047AD}.Debug|Any CPU.ActiveCfg = Debug|Any CPU
		{56FC5FF1-A9CA-4286-AA71-23A383E047AD}.Debug|Any CPU.Build.0 = Debug|Any CPU
		{56FC5FF1-A9CA-4286-AA71-23A383E047AD}.Release|Any CPU.ActiveCfg = Release|Any CPU
		{56FC5FF1-A9CA-4286-AA71-23A383E047AD}.Release|Any CPU.Build.0 = Release|Any CPU
		{9ABCC10D-E7F3-4FD8-B838-EF30F9F3236D}.Debug|Any CPU.ActiveCfg = Debug|Any CPU
		{9ABCC10D-E7F3-4FD8-B838-EF30F9F3236D}.Debug|Any CPU.Build.0 = Debug|Any CPU
		{9ABCC10D-E7F3-4FD8-B838-EF30F9F3236D}.Release|Any CPU.ActiveCfg = Release|Any CPU
		{9ABCC10D-E7F3-4FD8-B838-EF30F9F3236D}.Release|Any CPU.Build.0 = Release|Any CPU
		{FDE43C60-9022-45E4-9457-3083C075597A}.Debug|Any CPU.ActiveCfg = Debug|Any CPU
		{FDE43C60-9022-45E4-9457-3083C075597A}.Debug|Any CPU.Build.0 = Debug|Any CPU
		{FDE43C60-9022-45E4-9457-3083C075597A}.Release|Any CPU.ActiveCfg = Release|Any CPU
		{FDE43C60-9022-45E4-9457-3083C075597A}.Release|Any CPU.Build.0 = Release|Any CPU
		{12A462FF-B040-49DB-9059-DC61B9C04A4F}.Debug|Any CPU.ActiveCfg = Debug|Any CPU
		{12A462FF-B040-49DB-9059-DC61B9C04A4F}.Debug|Any CPU.Build.0 = Debug|Any CPU
		{12A462FF-B040-49DB-9059-DC61B9C04A4F}.Release|Any CPU.ActiveCfg = Release|Any CPU
		{12A462FF-B040-49DB-9059-DC61B9C04A4F}.Release|Any CPU.Build.0 = Release|Any CPU
		{896E99B3-F143-4DD3-81A2-D8816F753E3B}.Debug|Any CPU.ActiveCfg = Debug|Any CPU
		{896E99B3-F143-4DD3-81A2-D8816F753E3B}.Debug|Any CPU.Build.0 = Debug|Any CPU
		{896E99B3-F143-4DD3-81A2-D8816F753E3B}.Release|Any CPU.ActiveCfg = Release|Any CPU
		{896E99B3-F143-4DD3-81A2-D8816F753E3B}.Release|Any CPU.Build.0 = Release|Any CPU
		{CC716692-14CA-43F4-BDA5-5B5EB75C1F07}.Debug|Any CPU.ActiveCfg = Debug|Any CPU
		{CC716692-14CA-43F4-BDA5-5B5EB75C1F07}.Debug|Any CPU.Build.0 = Debug|Any CPU
		{CC716692-14CA-43F4-BDA5-5B5EB75C1F07}.Release|Any CPU.ActiveCfg = Release|Any CPU
		{CC716692-14CA-43F4-BDA5-5B5EB75C1F07}.Release|Any CPU.Build.0 = Release|Any CPU
		{30833BBE-50A0-4B45-9180-ABCB648C0C6D}.Debug|Any CPU.ActiveCfg = Debug|Any CPU
		{30833BBE-50A0-4B45-9180-ABCB648C0C6D}.Debug|Any CPU.Build.0 = Debug|Any CPU
		{30833BBE-50A0-4B45-9180-ABCB648C0C6D}.Release|Any CPU.ActiveCfg = Release|Any CPU
		{30833BBE-50A0-4B45-9180-ABCB648C0C6D}.Release|Any CPU.Build.0 = Release|Any CPU
	EndGlobalSection
	GlobalSection(SolutionProperties) = preSolution
		HideSolutionNode = FALSE
	EndGlobalSection
	GlobalSection(ExtensibilityGlobals) = postSolution
		SolutionGuid = {B6177EA2-7E10-489B-BC13-B681F9B1FAB7}
	EndGlobalSection
EndGlobal
